<?xml version="1.0" encoding="utf-8"?>
<Project ToolsVersion="4.0" xmlns="http://schemas.microsoft.com/developer/msbuild/2003">
  <ItemGroup>
    <Filter Include="Src">
      <UniqueIdentifier>{1ad39973-a230-4df2-8d8f-b04cb5298c56}</UniqueIdentifier>
    </Filter>
    <Filter Include="Resources">
      <UniqueIdentifier>{323df7ba-05ad-4aab-ad36-8a5c0effe14c}</UniqueIdentifier>
    </Filter>
    <Filter Include="Data">
      <UniqueIdentifier>{61a1a8ce-08d9-4af8-99ac-71965b73fe71}</UniqueIdentifier>
    </Filter>
  </ItemGroup>
  <ItemGroup>
    <ClCompile Include="..\..\Src\App.xaml.cpp">
      <Filter>Src</Filter>
    </ClCompile>
    <ClInclude Include="..\..\Src\App.xaml.h">
      <Filter>Src</Filter>
    </ClInclude>
    <ClCompile Include="..\..\Src\Main.cpp">
      <Filter>Src</Filter>
    </ClCompile>
    <ClCompile Include="..\..\Src\MainWindow.xaml.cpp">
      <Filter>Src</Filter>
    </ClCompile>
    <ClInclude Include="..\..\Src\MainWindow.xaml.h">
      <Filter>Src</Filter>
    </ClInclude>
    <ClInclude Include="pch.h">
    </ClInclude>
    <ClCompile Include="pch.cpp">
    </ClCompile>
    <None Include="..\..\Resources\Win32\Noesis.ico">
      <Filter>Resources</Filter>
    </None>
    <ClInclude Include="..\..\Resources\Win32\resource.h">
      <Filter>Resources</Filter>
    </ClInclude>
    <ResourceCompile Include="..\..\Resources\Win32\XamlPlayer.rc">
      <Filter>Resources</Filter>
    </ResourceCompile>
    <CustomBuild Include="..\..\Src\App.xaml">
      <Filter>Data</Filter>
    </CustomBuild>
    <CustomBuild Include="..\..\Src\MainWindow.xaml">
      <Filter>Data</Filter>
    </CustomBuild>
  </ItemGroup>
</Project>