<?xml version="1.0" encoding="utf-8"?>
<Project ToolsVersion="4.0" xmlns="http://schemas.microsoft.com/developer/msbuild/2003">
  <ItemGroup>
    <Filter Include="Src">
      <UniqueIdentifier>{db4158d0-255e-4dae-8a63-1e1c885a0c91}</UniqueIdentifier>
    </Filter>
    <Filter Include="Data">
      <UniqueIdentifier>{9828e391-b9da-46a6-aabb-a7fd5bac467c}</UniqueIdentifier>
    </Filter>
    <Filter Include="lib">
      <UniqueIdentifier>{b8aa8d7f-4923-43c9-94a6-35d28a7ba908}</UniqueIdentifier>
    </Filter>
    <Filter Include="lib\armeabi-v7a">
      <UniqueIdentifier>{da792311-a0af-4b3e-881b-7bb58b6e0b71}</UniqueIdentifier>
    </Filter>
  </ItemGroup>
  <ItemGroup>
    <ClCompile Include="..\..\Src\App.xaml.cpp">
      <Filter>Src</Filter>
    </ClCompile>
    <ClInclude Include="..\..\Src\App.xaml.h">
      <Filter>Src</Filter>
    </ClInclude>
    <ClCompile Include="..\..\Src\Main.cpp">
      <Filter>Src</Filter>
    </ClCompile>
    <ClCompile Include="..\..\Src\MainWindow.xaml.cpp">
      <Filter>Src</Filter>
    </ClCompile>
    <ClInclude Include="..\..\Src\MainWindow.xaml.h">
      <Filter>Src</Filter>
    </ClInclude>
    <ClInclude Include="pch.h">
    </ClInclude>
    <ClCompile Include="pch.cpp">
    </ClCompile>
    <ClInclude Include="$(AndroidAPILevelPath)\..\sources\android\native_app_glue\android_native_app_glue.h">
      <Filter>Src</Filter>
    </ClInclude>
    <ClCompile Include="$(AndroidAPILevelPath)\..\sources\android\native_app_glue\android_native_app_glue.c">
      <Filter>Src</Filter>
    </ClCompile>
    <CustomBuild Include="..\..\Src\App.xaml">
      <Filter>Data</Filter>
    </CustomBuild>
    <CustomBuild Include="..\..\Src\MainWindow.xaml">
      <Filter>Data</Filter>
    </CustomBuild>
  </ItemGroup>
  <ItemGroup>
    <Library Include="..\..\..\..\..\..\Bin\android_arm\libNoesis.so">
      <Filter>lib\armeabi-v7a</Filter>
    </Library>
    <Library Include="..\..\..\..\..\..\Bin\android_arm\libNoesisApp.so">
      <Filter>lib\armeabi-v7a</Filter>
    </Library>
  </ItemGroup>
</Project>