<?xml version="1.0" encoding="utf-8"?>
<Project ToolsVersion="4.0" xmlns="http://schemas.microsoft.com/developer/msbuild/2003">
  <ItemGroup>
    <Filter Include="App">
      <UniqueIdentifier>{c94715fe-909e-4f91-95cd-78ab78dc3aca}</UniqueIdentifier>
    </Filter>
    <Filter Include="Render">
      <UniqueIdentifier>{39b1f6ca-5c18-489f-b1b0-f9ab7f4d8c83}</UniqueIdentifier>
    </Filter>
    <Filter Include="App\Display">
      <UniqueIdentifier>{0c4d2ef9-e9d4-4c1b-84d1-e89fe67846a6}</UniqueIdentifier>
    </Filter>
    <Filter Include="App\Display\Include">
      <UniqueIdentifier>{8d6c1203-1956-4f77-837e-395759fbdcfb}</UniqueIdentifier>
    </Filter>
    <Filter Include="App\Display\Src">
      <UniqueIdentifier>{d088a47d-55bb-452e-80fb-e52b91d3a957}</UniqueIdentifier>
    </Filter>
    <Filter Include="App\Win32Display">
      <UniqueIdentifier>{276e2343-b78e-46a1-a89c-20970aa311f9}</UniqueIdentifier>
    </Filter>
    <Filter Include="App\Win32Display\Src">
      <UniqueIdentifier>{5ab82bcb-f6c6-4ee7-a1b6-db90446ba6ae}</UniqueIdentifier>
    </Filter>
    <Filter Include="App\Launcher">
      <UniqueIdentifier>{e818ac13-1cd1-4620-86f8-386c99897f54}</UniqueIdentifier>
    </Filter>
    <Filter Include="App\Launcher\Include">
      <UniqueIdentifier>{e85e4a03-fa6d-4cd7-a589-499f7a2c987d}</UniqueIdentifier>
    </Filter>
    <Filter Include="App\Launcher\Src">
      <UniqueIdentifier>{938b568b-cb45-47e6-ab26-24a119e5a787}</UniqueIdentifier>
    </Filter>
    <Filter Include="App\DisplayLauncher">
      <UniqueIdentifier>{ee2156ca-038e-4fce-a89e-48be69941b9e}</UniqueIdentifier>
    </Filter>
    <Filter Include="App\DisplayLauncher\Include">
      <UniqueIdentifier>{a762eda5-6cf6-42b5-ad1d-db803f6a6cf3}</UniqueIdentifier>
    </Filter>
    <Filter Include="App\DisplayLauncher\Src">
      <UniqueIdentifier>{23ff1abd-48d4-49c3-9de8-95a9fddb0178}</UniqueIdentifier>
    </Filter>
    <Filter Include="App\ApplicationLauncher">
      <UniqueIdentifier>{cef65fc0-7c75-4a82-b5b6-b49ddd0c2db5}</UniqueIdentifier>
    </Filter>
    <Filter Include="App\ApplicationLauncher\Include">
      <UniqueIdentifier>{44a13c02-a24e-4455-bbf5-4b8c7d1cd08d}</UniqueIdentifier>
    </Filter>
    <Filter Include="App\ApplicationLauncher\Src">
      <UniqueIdentifier>{237d5cff-c98d-4a9e-bfc2-2358d6030aae}</UniqueIdentifier>
    </Filter>
    <Filter Include="App\ApplicationLauncher\Data">
      <UniqueIdentifier>{0a55085f-b4a0-43de-8f67-08d12ef8046c}</UniqueIdentifier>
    </Filter>
    <Filter Include="Render\RenderContext">
      <UniqueIdentifier>{eb58269b-5bf7-459d-acd6-69a90c37494e}</UniqueIdentifier>
    </Filter>
    <Filter Include="Render\RenderContext\Include">
      <UniqueIdentifier>{dadebeeb-a4db-4cee-b315-9c66167b1fc9}</UniqueIdentifier>
    </Filter>
    <Filter Include="Render\RenderContext\Src">
      <UniqueIdentifier>{43382424-1b94-4695-906a-76ded237cbb1}</UniqueIdentifier>
    </Filter>
    <Filter Include="Render\GLRenderDevice">
      <UniqueIdentifier>{c9de0f0e-6474-4e11-ae78-07d53fb73435}</UniqueIdentifier>
    </Filter>
    <Filter Include="Render\GLRenderDevice\Include">
      <UniqueIdentifier>{f27ff6a5-f766-41e1-ad8d-e071fffdea51}</UniqueIdentifier>
    </Filter>
    <Filter Include="Render\GLRenderDevice\Src">
      <UniqueIdentifier>{d26e61b2-5a6f-423d-8611-909103feabab}</UniqueIdentifier>
    </Filter>
    <Filter Include="Render\GLRenderContext">
      <UniqueIdentifier>{c24e87d5-8cab-4214-920e-22842eee95d1}</UniqueIdentifier>
    </Filter>
    <Filter Include="Render\GLRenderContext\Src">
      <UniqueIdentifier>{8fc0efa2-a6f5-4cf8-91ca-e7567e7e0c3e}</UniqueIdentifier>
    </Filter>
    <Filter Include="Render\D3D11RenderDevice">
      <UniqueIdentifier>{f1c16b7e-8d17-4364-b69f-557ce2053554}</UniqueIdentifier>
    </Filter>
    <Filter Include="Render\D3D11RenderDevice\Include">
      <UniqueIdentifier>{88180563-02ef-40f7-bf42-0ee70e423da3}</UniqueIdentifier>
    </Filter>
    <Filter Include="Render\D3D11RenderDevice\Src">
      <UniqueIdentifier>{3b0a024f-da66-4cc9-bdbb-852274472129}</UniqueIdentifier>
    </Filter>
    <Filter Include="Render\D3D11RenderContext">
      <UniqueIdentifier>{b4c8b43b-c447-4bd9-a253-1d212e841c88}</UniqueIdentifier>
    </Filter>
    <Filter Include="Render\D3D11RenderContext\Src">
      <UniqueIdentifier>{13feba97-4042-4bcc-90c4-2878df292e94}</UniqueIdentifier>
    </Filter>
  </ItemGroup>
  <ItemGroup>
    <ClInclude Include="..\..\..\App\Display\Include\NsApp\Display.h">
      <Filter>App\Display\Include</Filter>
    </ClInclude>
    <ClInclude Include="..\..\..\App\Display\Include\NsApp\DisplayApi.h">
      <Filter>App\Display\Include</Filter>
    </ClInclude>
    <ClCompile Include="..\..\..\App\Display\Src\App.Display.cpp">
      <Filter>App\Display\Src</Filter>
    </ClCompile>
    <ClCompile Include="..\..\..\App\Display\Src\Display.cpp">
      <Filter>App\Display\Src</Filter>
    </ClCompile>
    <ClCompile Include="..\..\..\App\Win32Display\Src\App.Win32Display.cpp">
      <Filter>App\Win32Display\Src</Filter>
    </ClCompile>
    <ClCompile Include="..\..\..\App\Win32Display\Src\TSF.cpp">
      <Filter>App\Win32Display\Src</Filter>
    </ClCompile>
    <ClInclude Include="..\..\..\App\Win32Display\Src\TSF.h">
      <Filter>App\Win32Display\Src</Filter>
    </ClInclude>
    <ClCompile Include="..\..\..\App\Win32Display\Src\Win32Display.cpp">
      <Filter>App\Win32Display\Src</Filter>
    </ClCompile>
    <ClInclude Include="..\..\..\App\Win32Display\Src\Win32Display.h">
      <Filter>App\Win32Display\Src</Filter>
    </ClInclude>
    <ClInclude Include="..\..\..\App\Launcher\Include\NsApp\CommandLine.h">
      <Filter>App\Launcher\Include</Filter>
    </ClInclude>
    <ClInclude Include="..\..\..\App\Launcher\Include\NsApp\EmbeddedFontProvider.h">
      <Filter>App\Launcher\Include</Filter>
    </ClInclude>
    <ClInclude Include="..\..\..\App\Launcher\Include\NsApp\EmbeddedTextureProvider.h">
      <Filter>App\Launcher\Include</Filter>
    </ClInclude>
    <ClInclude Include="..\..\..\App\Launcher\Include\NsApp\EmbeddedXamlProvider.h">
      <Filter>App\Launcher\Include</Filter>
    </ClInclude>
    <ClInclude Include="..\..\..\App\Launcher\Include\NsApp\EntryPoint.h">
      <Filter>App\Launcher\Include</Filter>
    </ClInclude>
    <ClInclude Include="..\..\..\App\Launcher\Include\NsApp\FileTextureProvider.h">
      <Filter>App\Launcher\Include</Filter>
    </ClInclude>
    <ClInclude Include="..\..\..\App\Launcher\Include\NsApp\Launcher.h">
      <Filter>App\Launcher\Include</Filter>
    </ClInclude>
    <ClInclude Include="..\..\..\App\Launcher\Include\NsApp\LauncherApi.h">
      <Filter>App\Launcher\Include</Filter>
    </ClInclude>
    <ClInclude Include="..\..\..\App\Launcher\Include\NsApp\LocalFontProvider.h">
      <Filter>App\Launcher\Include</Filter>
    </ClInclude>
    <ClInclude Include="..\..\..\App\Launcher\Include\NsApp\LocalTextureProvider.h">
      <Filter>App\Launcher\Include</Filter>
    </ClInclude>
    <ClInclude Include="..\..\..\App\Launcher\Include\NsApp\LocalXamlProvider.h">
      <Filter>App\Launcher\Include</Filter>
    </ClInclude>
    <ClCompile Include="..\..\..\App\Launcher\Src\App.Launcher.cpp">
      <Filter>App\Launcher\Src</Filter>
    </ClCompile>
    <ClCompile Include="..\..\..\App\Launcher\Src\CommandLine.cpp">
      <Filter>App\Launcher\Src</Filter>
    </ClCompile>
    <ClCompile Include="..\..\..\App\Launcher\Src\EmbeddedFontProvider.cpp">
      <Filter>App\Launcher\Src</Filter>
    </ClCompile>
    <ClCompile Include="..\..\..\App\Launcher\Src\EmbeddedTextureProvider.cpp">
      <Filter>App\Launcher\Src</Filter>
    </ClCompile>
    <ClCompile Include="..\..\..\App\Launcher\Src\EmbeddedXamlProvider.cpp">
      <Filter>App\Launcher\Src</Filter>
    </ClCompile>
    <ClCompile Include="..\..\..\App\Launcher\Src\FileTextureProvider.cpp">
      <Filter>App\Launcher\Src</Filter>
    </ClCompile>
    <ClCompile Include="..\..\..\App\Launcher\Src\Launcher.cpp">
      <Filter>App\Launcher\Src</Filter>
    </ClCompile>
    <ClCompile Include="..\..\..\App\Launcher\Src\LocalFontProvider.cpp">
      <Filter>App\Launcher\Src</Filter>
    </ClCompile>
    <ClCompile Include="..\..\..\App\Launcher\Src\LocalTextureProvider.cpp">
      <Filter>App\Launcher\Src</Filter>
    </ClCompile>
    <ClCompile Include="..\..\..\App\Launcher\Src\LocalXamlProvider.cpp">
      <Filter>App\Launcher\Src</Filter>
    </ClCompile>
    <ClInclude Include="..\..\..\App\Launcher\Src\stb_image.h">
      <Filter>App\Launcher\Src</Filter>
    </ClInclude>
    <ClInclude Include="..\..\..\App\DisplayLauncher\Include\NsApp\DisplayLauncher.h">
      <Filter>App\DisplayLauncher\Include</Filter>
    </ClInclude>
    <ClInclude Include="..\..\..\App\DisplayLauncher\Include\NsApp\DisplayLauncherApi.h">
      <Filter>App\DisplayLauncher\Include</Filter>
    </ClInclude>
    <ClCompile Include="..\..\..\App\DisplayLauncher\Src\App.DisplayLauncher.cpp">
      <Filter>App\DisplayLauncher\Src</Filter>
    </ClCompile>
    <ClCompile Include="..\..\..\App\DisplayLauncher\Src\DisplayLauncher.cpp">
      <Filter>App\DisplayLauncher\Src</Filter>
    </ClCompile>
    <ClInclude Include="..\..\..\App\ApplicationLauncher\Include\NsApp\Application.h">
      <Filter>App\ApplicationLauncher\Include</Filter>
    </ClInclude>
    <ClInclude Include="..\..\..\App\ApplicationLauncher\Include\NsApp\ApplicationLauncher.h">
      <Filter>App\ApplicationLauncher\Include</Filter>
    </ClInclude>
    <ClInclude Include="..\..\..\App\ApplicationLauncher\Include\NsApp\ApplicationLauncherApi.h">
      <Filter>App\ApplicationLauncher\Include</Filter>
    </ClInclude>
    <ClInclude Include="..\..\..\App\ApplicationLauncher\Include\NsApp\Window.h">
      <Filter>App\ApplicationLauncher\Include</Filter>
    </ClInclude>
    <ClCompile Include="..\..\..\App\ApplicationLauncher\Src\App.ApplicationLauncher.cpp">
      <Filter>App\ApplicationLauncher\Src</Filter>
    </ClCompile>
    <ClCompile Include="..\..\..\App\ApplicationLauncher\Src\Application.cpp">
      <Filter>App\ApplicationLauncher\Src</Filter>
    </ClCompile>
    <ClCompile Include="..\..\..\App\ApplicationLauncher\Src\ApplicationLauncher.cpp">
      <Filter>App\ApplicationLauncher\Src</Filter>
    </ClCompile>
    <ClCompile Include="..\..\..\App\ApplicationLauncher\Src\Window.cpp">
      <Filter>App\ApplicationLauncher\Src</Filter>
    </ClCompile>
    <ClInclude Include="pch.h">
    </ClInclude>
    <ClCompile Include="pch.cpp">
    </ClCompile>
    <ClCompile Include="init.cpp">
    </ClCompile>
    <CustomBuild Include="..\..\..\App\ApplicationLauncher\Src\StatsOverlay.xaml">
      <Filter>App\ApplicationLauncher\Data</Filter>
    </CustomBuild>
    <CustomBuild Include="..\..\..\App\ApplicationLauncher\Src\dripicons-v2.ttf">
      <Filter>App\ApplicationLauncher\Data</Filter>
    </CustomBuild>
    <ClInclude Include="..\..\..\Render\RenderContext\Include\NsRender\Image.h">
      <Filter>Render\RenderContext\Include</Filter>
    </ClInclude>
    <ClInclude Include="..\..\..\Render\RenderContext\Include\NsRender\RenderContext.h">
      <Filter>Render\RenderContext\Include</Filter>
    </ClInclude>
    <ClInclude Include="..\..\..\Render\RenderContext\Include\NsRender\RenderContextApi.h">
      <Filter>Render\RenderContext\Include</Filter>
    </ClInclude>
    <ClCompile Include="..\..\..\Render\RenderContext\Src\Image.cpp">
      <Filter>Render\RenderContext\Src</Filter>
    </ClCompile>
    <ClCompile Include="..\..\..\Render\RenderContext\Src\Render.RenderContext.cpp">
      <Filter>Render\RenderContext\Src</Filter>
    </ClCompile>
    <ClCompile Include="..\..\..\Render\RenderContext\Src\RenderContext.cpp">
      <Filter>Render\RenderContext\Src</Filter>
    </ClCompile>
    <ClInclude Include="..\..\..\Render\GLRenderDevice\Include\NsRender\GLFactory.h">
      <Filter>Render\GLRenderDevice\Include</Filter>
    </ClInclude>
    <ClInclude Include="..\..\..\Render\GLRenderDevice\Include\NsRender\GLRenderDeviceApi.h">
      <Filter>Render\GLRenderDevice\Include</Filter>
    </ClInclude>
    <ClInclude Include="..\..\..\Render\GLRenderDevice\Src\glext.h">
      <Filter>Render\GLRenderDevice\Src</Filter>
    </ClInclude>
    <ClInclude Include="..\..\..\Render\GLRenderDevice\Src\GLHeaders.h">
      <Filter>Render\GLRenderDevice\Src</Filter>
    </ClInclude>
    <ClInclude Include="..\..\..\Render\GLRenderDevice\Src\GLImports.h">
      <Filter>Render\GLRenderDevice\Src</Filter>
    </ClInclude>
    <ClCompile Include="..\..\..\Render\GLRenderDevice\Src\GLRenderDevice.cpp">
      <Filter>Render\GLRenderDevice\Src</Filter>
    </ClCompile>
    <ClInclude Include="..\..\..\Render\GLRenderDevice\Src\GLRenderDevice.h">
      <Filter>Render\GLRenderDevice\Src</Filter>
    </ClInclude>
    <ClCompile Include="..\..\..\Render\GLRenderDevice\Src\Render.GLRenderDevice.cpp">
      <Filter>Render\GLRenderDevice\Src</Filter>
    </ClCompile>
    <ClInclude Include="..\..\..\Render\GLRenderDevice\Src\ShadersGL120.h">
      <Filter>Render\GLRenderDevice\Src</Filter>
    </ClInclude>
    <ClInclude Include="..\..\..\Render\GLRenderDevice\Src\ShadersGL140.h">
      <Filter>Render\GLRenderDevice\Src</Filter>
    </ClInclude>
    <ClInclude Include="..\..\..\Render\GLRenderDevice\Src\ShadersGLES.h">
      <Filter>Render\GLRenderDevice\Src</Filter>
    </ClInclude>
    <ClInclude Include="..\..\..\Render\GLRenderContext\Src\BuildSettings.h">
      <Filter>Render\GLRenderContext\Src</Filter>
    </ClInclude>
    <ClInclude Include="..\..\..\Render\GLRenderContext\Src\EAGL.h">
      <Filter>Render\GLRenderContext\Src</Filter>
    </ClInclude>
    <ClInclude Include="..\..\..\Render\GLRenderContext\Src\glext.h">
      <Filter>Render\GLRenderContext\Src</Filter>
    </ClInclude>
    <ClInclude Include="..\..\..\Render\GLRenderContext\Src\GLHeaders.h">
      <Filter>Render\GLRenderContext\Src</Filter>
    </ClInclude>
    <ClCompile Include="..\..\..\Render\GLRenderContext\Src\GLRenderContext.cpp">
      <Filter>Render\GLRenderContext\Src</Filter>
    </ClCompile>
    <ClInclude Include="..\..\..\Render\GLRenderContext\Src\GLRenderContext.h">
      <Filter>Render\GLRenderContext\Src</Filter>
    </ClInclude>
    <ClInclude Include="..\..\..\Render\GLRenderContext\Src\NSGL.h">
      <Filter>Render\GLRenderContext\Src</Filter>
    </ClInclude>
    <ClCompile Include="..\..\..\Render\GLRenderContext\Src\Render.GLRenderContext.cpp">
      <Filter>Render\GLRenderContext\Src</Filter>
    </ClCompile>
    <ClInclude Include="..\..\..\Render\GLRenderContext\Src\wglext.h">
      <Filter>Render\GLRenderContext\Src</Filter>
    </ClInclude>
    <ClInclude Include="..\..\..\Render\D3D11RenderDevice\Include\NsRender\D3D11Factory.h">
      <Filter>Render\D3D11RenderDevice\Include</Filter>
    </ClInclude>
    <ClInclude Include="..\..\..\Render\D3D11RenderDevice\Include\NsRender\D3D11RenderDeviceApi.h">
      <Filter>Render\D3D11RenderDevice\Include</Filter>
    </ClInclude>
    <ClCompile Include="..\..\..\Render\D3D11RenderDevice\Src\D3D11RenderDevice.cpp">
      <Filter>Render\D3D11RenderDevice\Src</Filter>
    </ClCompile>
    <ClInclude Include="..\..\..\Render\D3D11RenderDevice\Src\D3D11RenderDevice.h">
      <Filter>Render\D3D11RenderDevice\Src</Filter>
    </ClInclude>
    <ClCompile Include="..\..\..\Render\D3D11RenderDevice\Src\Render.D3D11RenderDevice.cpp">
      <Filter>Render\D3D11RenderDevice\Src</Filter>
    </ClCompile>
    <ClInclude Include="..\..\..\Render\D3D11RenderDevice\Src\Shaders.h">
      <Filter>Render\D3D11RenderDevice\Src</Filter>
    </ClInclude>
    <ClCompile Include="..\..\..\Render\D3D11RenderContext\Src\CoreWindow.cx.cpp">
      <Filter>Render\D3D11RenderContext\Src</Filter>
    </ClCompile>
    <ClInclude Include="..\..\..\Render\D3D11RenderContext\Src\CoreWindow.h">
      <Filter>Render\D3D11RenderContext\Src</Filter>
    </ClInclude>
    <ClCompile Include="..\..\..\Render\D3D11RenderContext\Src\D3D11RenderContext.cpp">
      <Filter>Render\D3D11RenderContext\Src</Filter>
    </ClCompile>
    <ClInclude Include="..\..\..\Render\D3D11RenderContext\Src\D3D11RenderContext.h">
      <Filter>Render\D3D11RenderContext\Src</Filter>
    </ClInclude>
    <ClCompile Include="..\..\..\Render\D3D11RenderContext\Src\Render.D3D11RenderContext.cpp">
      <Filter>Render\D3D11RenderContext\Src</Filter>
    </ClCompile>
  </ItemGroup>
</Project>