<?xml version="1.0" encoding="utf-8"?>
<Project ToolsVersion="4.0" xmlns="http://schemas.microsoft.com/developer/msbuild/2003">
  <ItemGroup>
    <Filter Include="App">
      <UniqueIdentifier>{d77928af-83ba-4984-9fcc-2fa2f1aed279}</UniqueIdentifier>
    </Filter>
    <Filter Include="Render">
      <UniqueIdentifier>{924d64e7-d75f-4477-bc7d-db841bacb2d2}</UniqueIdentifier>
    </Filter>
    <Filter Include="App\Display">
      <UniqueIdentifier>{d0e4dad6-b0fe-43a4-9720-74a739ae8f63}</UniqueIdentifier>
    </Filter>
    <Filter Include="App\Display\Include">
      <UniqueIdentifier>{0d824f86-c7b4-4696-b518-427d68533eb6}</UniqueIdentifier>
    </Filter>
    <Filter Include="App\Display\Src">
      <UniqueIdentifier>{6854b566-6116-492b-94c8-ee6bcfff9b44}</UniqueIdentifier>
    </Filter>
    <Filter Include="App\Win32Display">
      <UniqueIdentifier>{c5083d3c-3d3f-4cb3-925f-52f567fa0d8f}</UniqueIdentifier>
    </Filter>
    <Filter Include="App\Win32Display\Src">
      <UniqueIdentifier>{7dcdf958-0e5c-4739-bff7-451e661d916b}</UniqueIdentifier>
    </Filter>
    <Filter Include="App\Launcher">
      <UniqueIdentifier>{26459a76-94e4-4788-9f82-c391d4c1f978}</UniqueIdentifier>
    </Filter>
    <Filter Include="App\Launcher\Include">
      <UniqueIdentifier>{d1476cbe-49c1-46d3-b9f4-594c6d61f050}</UniqueIdentifier>
    </Filter>
    <Filter Include="App\Launcher\Src">
      <UniqueIdentifier>{80043f59-3772-42e8-85dc-bb4642952a1d}</UniqueIdentifier>
    </Filter>
    <Filter Include="App\DisplayLauncher">
      <UniqueIdentifier>{594a5066-1523-4378-af38-3b80ada55a9c}</UniqueIdentifier>
    </Filter>
    <Filter Include="App\DisplayLauncher\Include">
      <UniqueIdentifier>{37523629-b820-4ce9-9784-8f482476d708}</UniqueIdentifier>
    </Filter>
    <Filter Include="App\DisplayLauncher\Src">
      <UniqueIdentifier>{14a69f8a-d947-4243-959c-9eae9872522b}</UniqueIdentifier>
    </Filter>
    <Filter Include="App\ApplicationLauncher">
      <UniqueIdentifier>{29c2bcc9-2987-4b22-a08c-250043dc916c}</UniqueIdentifier>
    </Filter>
    <Filter Include="App\ApplicationLauncher\Include">
      <UniqueIdentifier>{02cfbc21-cf06-4fbe-816a-61998b0006b3}</UniqueIdentifier>
    </Filter>
    <Filter Include="App\ApplicationLauncher\Src">
      <UniqueIdentifier>{0c41b7c4-e6f7-4609-b047-7647d92c23bd}</UniqueIdentifier>
    </Filter>
    <Filter Include="App\ApplicationLauncher\Data">
      <UniqueIdentifier>{d5694f78-89cf-4789-8f45-96988bed5b7a}</UniqueIdentifier>
    </Filter>
    <Filter Include="Render\RenderContext">
      <UniqueIdentifier>{7177383a-bcdf-4132-9b33-cc52ff300261}</UniqueIdentifier>
    </Filter>
    <Filter Include="Render\RenderContext\Include">
      <UniqueIdentifier>{94dfc732-ecf9-4677-a501-079f5aef8aaa}</UniqueIdentifier>
    </Filter>
    <Filter Include="Render\RenderContext\Src">
      <UniqueIdentifier>{544e6846-a614-4457-96ce-3822ae5a99c9}</UniqueIdentifier>
    </Filter>
    <Filter Include="Render\GLRenderDevice">
      <UniqueIdentifier>{5fdffc5d-6d93-47d4-90aa-62b42b136c62}</UniqueIdentifier>
    </Filter>
    <Filter Include="Render\GLRenderDevice\Include">
      <UniqueIdentifier>{f8b9146f-805e-4d65-8379-debba0b69d5f}</UniqueIdentifier>
    </Filter>
    <Filter Include="Render\GLRenderDevice\Src">
      <UniqueIdentifier>{4acdb315-ae64-42b7-83c3-c440908ec901}</UniqueIdentifier>
    </Filter>
    <Filter Include="Render\GLRenderContext">
      <UniqueIdentifier>{6d353bdb-fb3f-4f91-83e7-e6965a173b77}</UniqueIdentifier>
    </Filter>
    <Filter Include="Render\GLRenderContext\Src">
      <UniqueIdentifier>{89386f97-2ef9-43f9-967a-69e9558c6957}</UniqueIdentifier>
    </Filter>
    <Filter Include="Render\D3D11RenderDevice">
      <UniqueIdentifier>{4442da32-3646-4055-b1a6-0bad3b4a04ba}</UniqueIdentifier>
    </Filter>
    <Filter Include="Render\D3D11RenderDevice\Include">
      <UniqueIdentifier>{25330b9c-1780-4182-99ed-8fc4e2e60ce3}</UniqueIdentifier>
    </Filter>
    <Filter Include="Render\D3D11RenderDevice\Src">
      <UniqueIdentifier>{e3d98fde-9002-4266-aabe-aea63113dd6f}</UniqueIdentifier>
    </Filter>
    <Filter Include="Render\D3D11RenderContext">
      <UniqueIdentifier>{0f4bb1cb-fd53-4b5c-b2ab-5ca240f2c1b1}</UniqueIdentifier>
    </Filter>
    <Filter Include="Render\D3D11RenderContext\Src">
      <UniqueIdentifier>{74dcf81d-ae79-4935-a1f4-ec5b5a8d8fa2}</UniqueIdentifier>
    </Filter>
  </ItemGroup>
  <ItemGroup>
    <ClInclude Include="..\..\..\App\Display\Include\NsApp\Display.h">
      <Filter>App\Display\Include</Filter>
    </ClInclude>
    <ClInclude Include="..\..\..\App\Display\Include\NsApp\DisplayApi.h">
      <Filter>App\Display\Include</Filter>
    </ClInclude>
    <ClCompile Include="..\..\..\App\Display\Src\App.Display.cpp">
      <Filter>App\Display\Src</Filter>
    </ClCompile>
    <ClCompile Include="..\..\..\App\Display\Src\Display.cpp">
      <Filter>App\Display\Src</Filter>
    </ClCompile>
    <ClCompile Include="..\..\..\App\Win32Display\Src\App.Win32Display.cpp">
      <Filter>App\Win32Display\Src</Filter>
    </ClCompile>
    <ClCompile Include="..\..\..\App\Win32Display\Src\TSF.cpp">
      <Filter>App\Win32Display\Src</Filter>
    </ClCompile>
    <ClInclude Include="..\..\..\App\Win32Display\Src\TSF.h">
      <Filter>App\Win32Display\Src</Filter>
    </ClInclude>
    <ClCompile Include="..\..\..\App\Win32Display\Src\Win32Display.cpp">
      <Filter>App\Win32Display\Src</Filter>
    </ClCompile>
    <ClInclude Include="..\..\..\App\Win32Display\Src\Win32Display.h">
      <Filter>App\Win32Display\Src</Filter>
    </ClInclude>
    <ClInclude Include="..\..\..\App\Launcher\Include\NsApp\CommandLine.h">
      <Filter>App\Launcher\Include</Filter>
    </ClInclude>
    <ClInclude Include="..\..\..\App\Launcher\Include\NsApp\EmbeddedFontProvider.h">
      <Filter>App\Launcher\Include</Filter>
    </ClInclude>
    <ClInclude Include="..\..\..\App\Launcher\Include\NsApp\EmbeddedTextureProvider.h">
      <Filter>App\Launcher\Include</Filter>
    </ClInclude>
    <ClInclude Include="..\..\..\App\Launcher\Include\NsApp\EmbeddedXamlProvider.h">
      <Filter>App\Launcher\Include</Filter>
    </ClInclude>
    <ClInclude Include="..\..\..\App\Launcher\Include\NsApp\EntryPoint.h">
      <Filter>App\Launcher\Include</Filter>
    </ClInclude>
    <ClInclude Include="..\..\..\App\Launcher\Include\NsApp\FileTextureProvider.h">
      <Filter>App\Launcher\Include</Filter>
    </ClInclude>
    <ClInclude Include="..\..\..\App\Launcher\Include\NsApp\Launcher.h">
      <Filter>App\Launcher\Include</Filter>
    </ClInclude>
    <ClInclude Include="..\..\..\App\Launcher\Include\NsApp\LauncherApi.h">
      <Filter>App\Launcher\Include</Filter>
    </ClInclude>
    <ClInclude Include="..\..\..\App\Launcher\Include\NsApp\LocalFontProvider.h">
      <Filter>App\Launcher\Include</Filter>
    </ClInclude>
    <ClInclude Include="..\..\..\App\Launcher\Include\NsApp\LocalTextureProvider.h">
      <Filter>App\Launcher\Include</Filter>
    </ClInclude>
    <ClInclude Include="..\..\..\App\Launcher\Include\NsApp\LocalXamlProvider.h">
      <Filter>App\Launcher\Include</Filter>
    </ClInclude>
    <ClCompile Include="..\..\..\App\Launcher\Src\App.Launcher.cpp">
      <Filter>App\Launcher\Src</Filter>
    </ClCompile>
    <ClCompile Include="..\..\..\App\Launcher\Src\CommandLine.cpp">
      <Filter>App\Launcher\Src</Filter>
    </ClCompile>
    <ClCompile Include="..\..\..\App\Launcher\Src\EmbeddedFontProvider.cpp">
      <Filter>App\Launcher\Src</Filter>
    </ClCompile>
    <ClCompile Include="..\..\..\App\Launcher\Src\EmbeddedTextureProvider.cpp">
      <Filter>App\Launcher\Src</Filter>
    </ClCompile>
    <ClCompile Include="..\..\..\App\Launcher\Src\EmbeddedXamlProvider.cpp">
      <Filter>App\Launcher\Src</Filter>
    </ClCompile>
    <ClCompile Include="..\..\..\App\Launcher\Src\FileTextureProvider.cpp">
      <Filter>App\Launcher\Src</Filter>
    </ClCompile>
    <ClCompile Include="..\..\..\App\Launcher\Src\Launcher.cpp">
      <Filter>App\Launcher\Src</Filter>
    </ClCompile>
    <ClCompile Include="..\..\..\App\Launcher\Src\LocalFontProvider.cpp">
      <Filter>App\Launcher\Src</Filter>
    </ClCompile>
    <ClCompile Include="..\..\..\App\Launcher\Src\LocalTextureProvider.cpp">
      <Filter>App\Launcher\Src</Filter>
    </ClCompile>
    <ClCompile Include="..\..\..\App\Launcher\Src\LocalXamlProvider.cpp">
      <Filter>App\Launcher\Src</Filter>
    </ClCompile>
    <ClInclude Include="..\..\..\App\Launcher\Src\stb_image.h">
      <Filter>App\Launcher\Src</Filter>
    </ClInclude>
    <ClInclude Include="..\..\..\App\DisplayLauncher\Include\NsApp\DisplayLauncher.h">
      <Filter>App\DisplayLauncher\Include</Filter>
    </ClInclude>
    <ClInclude Include="..\..\..\App\DisplayLauncher\Include\NsApp\DisplayLauncherApi.h">
      <Filter>App\DisplayLauncher\Include</Filter>
    </ClInclude>
    <ClCompile Include="..\..\..\App\DisplayLauncher\Src\App.DisplayLauncher.cpp">
      <Filter>App\DisplayLauncher\Src</Filter>
    </ClCompile>
    <ClCompile Include="..\..\..\App\DisplayLauncher\Src\DisplayLauncher.cpp">
      <Filter>App\DisplayLauncher\Src</Filter>
    </ClCompile>
    <ClInclude Include="..\..\..\App\ApplicationLauncher\Include\NsApp\Application.h">
      <Filter>App\ApplicationLauncher\Include</Filter>
    </ClInclude>
    <ClInclude Include="..\..\..\App\ApplicationLauncher\Include\NsApp\ApplicationLauncher.h">
      <Filter>App\ApplicationLauncher\Include</Filter>
    </ClInclude>
    <ClInclude Include="..\..\..\App\ApplicationLauncher\Include\NsApp\ApplicationLauncherApi.h">
      <Filter>App\ApplicationLauncher\Include</Filter>
    </ClInclude>
    <ClInclude Include="..\..\..\App\ApplicationLauncher\Include\NsApp\Window.h">
      <Filter>App\ApplicationLauncher\Include</Filter>
    </ClInclude>
    <ClCompile Include="..\..\..\App\ApplicationLauncher\Src\App.ApplicationLauncher.cpp">
      <Filter>App\ApplicationLauncher\Src</Filter>
    </ClCompile>
    <ClCompile Include="..\..\..\App\ApplicationLauncher\Src\Application.cpp">
      <Filter>App\ApplicationLauncher\Src</Filter>
    </ClCompile>
    <ClCompile Include="..\..\..\App\ApplicationLauncher\Src\ApplicationLauncher.cpp">
      <Filter>App\ApplicationLauncher\Src</Filter>
    </ClCompile>
    <ClCompile Include="..\..\..\App\ApplicationLauncher\Src\Window.cpp">
      <Filter>App\ApplicationLauncher\Src</Filter>
    </ClCompile>
    <ClInclude Include="pch.h">
    </ClInclude>
    <ClCompile Include="pch.cpp">
    </ClCompile>
    <ClCompile Include="init.cpp">
    </ClCompile>
    <CustomBuild Include="..\..\..\App\ApplicationLauncher\Src\StatsOverlay.xaml">
      <Filter>App\ApplicationLauncher\Data</Filter>
    </CustomBuild>
    <CustomBuild Include="..\..\..\App\ApplicationLauncher\Src\dripicons-v2.ttf">
      <Filter>App\ApplicationLauncher\Data</Filter>
    </CustomBuild>
    <ClInclude Include="..\..\..\Render\RenderContext\Include\NsRender\Image.h">
      <Filter>Render\RenderContext\Include</Filter>
    </ClInclude>
    <ClInclude Include="..\..\..\Render\RenderContext\Include\NsRender\RenderContext.h">
      <Filter>Render\RenderContext\Include</Filter>
    </ClInclude>
    <ClInclude Include="..\..\..\Render\RenderContext\Include\NsRender\RenderContextApi.h">
      <Filter>Render\RenderContext\Include</Filter>
    </ClInclude>
    <ClCompile Include="..\..\..\Render\RenderContext\Src\Image.cpp">
      <Filter>Render\RenderContext\Src</Filter>
    </ClCompile>
    <ClCompile Include="..\..\..\Render\RenderContext\Src\Render.RenderContext.cpp">
      <Filter>Render\RenderContext\Src</Filter>
    </ClCompile>
    <ClCompile Include="..\..\..\Render\RenderContext\Src\RenderContext.cpp">
      <Filter>Render\RenderContext\Src</Filter>
    </ClCompile>
    <ClInclude Include="..\..\..\Render\GLRenderDevice\Include\NsRender\GLFactory.h">
      <Filter>Render\GLRenderDevice\Include</Filter>
    </ClInclude>
    <ClInclude Include="..\..\..\Render\GLRenderDevice\Include\NsRender\GLRenderDeviceApi.h">
      <Filter>Render\GLRenderDevice\Include</Filter>
    </ClInclude>
    <ClInclude Include="..\..\..\Render\GLRenderDevice\Src\glext.h">
      <Filter>Render\GLRenderDevice\Src</Filter>
    </ClInclude>
    <ClInclude Include="..\..\..\Render\GLRenderDevice\Src\GLHeaders.h">
      <Filter>Render\GLRenderDevice\Src</Filter>
    </ClInclude>
    <ClInclude Include="..\..\..\Render\GLRenderDevice\Src\GLImports.h">
      <Filter>Render\GLRenderDevice\Src</Filter>
    </ClInclude>
    <ClCompile Include="..\..\..\Render\GLRenderDevice\Src\GLRenderDevice.cpp">
      <Filter>Render\GLRenderDevice\Src</Filter>
    </ClCompile>
    <ClInclude Include="..\..\..\Render\GLRenderDevice\Src\GLRenderDevice.h">
      <Filter>Render\GLRenderDevice\Src</Filter>
    </ClInclude>
    <ClCompile Include="..\..\..\Render\GLRenderDevice\Src\Render.GLRenderDevice.cpp">
      <Filter>Render\GLRenderDevice\Src</Filter>
    </ClCompile>
    <ClInclude Include="..\..\..\Render\GLRenderDevice\Src\ShadersGL120.h">
      <Filter>Render\GLRenderDevice\Src</Filter>
    </ClInclude>
    <ClInclude Include="..\..\..\Render\GLRenderDevice\Src\ShadersGL140.h">
      <Filter>Render\GLRenderDevice\Src</Filter>
    </ClInclude>
    <ClInclude Include="..\..\..\Render\GLRenderDevice\Src\ShadersGLES.h">
      <Filter>Render\GLRenderDevice\Src</Filter>
    </ClInclude>
    <ClInclude Include="..\..\..\Render\GLRenderContext\Src\BuildSettings.h">
      <Filter>Render\GLRenderContext\Src</Filter>
    </ClInclude>
    <ClInclude Include="..\..\..\Render\GLRenderContext\Src\EAGL.h">
      <Filter>Render\GLRenderContext\Src</Filter>
    </ClInclude>
    <ClInclude Include="..\..\..\Render\GLRenderContext\Src\glext.h">
      <Filter>Render\GLRenderContext\Src</Filter>
    </ClInclude>
    <ClInclude Include="..\..\..\Render\GLRenderContext\Src\GLHeaders.h">
      <Filter>Render\GLRenderContext\Src</Filter>
    </ClInclude>
    <ClCompile Include="..\..\..\Render\GLRenderContext\Src\GLRenderContext.cpp">
      <Filter>Render\GLRenderContext\Src</Filter>
    </ClCompile>
    <ClInclude Include="..\..\..\Render\GLRenderContext\Src\GLRenderContext.h">
      <Filter>Render\GLRenderContext\Src</Filter>
    </ClInclude>
    <ClInclude Include="..\..\..\Render\GLRenderContext\Src\NSGL.h">
      <Filter>Render\GLRenderContext\Src</Filter>
    </ClInclude>
    <ClCompile Include="..\..\..\Render\GLRenderContext\Src\Render.GLRenderContext.cpp">
      <Filter>Render\GLRenderContext\Src</Filter>
    </ClCompile>
    <ClInclude Include="..\..\..\Render\GLRenderContext\Src\wglext.h">
      <Filter>Render\GLRenderContext\Src</Filter>
    </ClInclude>
    <ClInclude Include="..\..\..\Render\D3D11RenderDevice\Include\NsRender\D3D11Factory.h">
      <Filter>Render\D3D11RenderDevice\Include</Filter>
    </ClInclude>
    <ClInclude Include="..\..\..\Render\D3D11RenderDevice\Include\NsRender\D3D11RenderDeviceApi.h">
      <Filter>Render\D3D11RenderDevice\Include</Filter>
    </ClInclude>
    <ClCompile Include="..\..\..\Render\D3D11RenderDevice\Src\D3D11RenderDevice.cpp">
      <Filter>Render\D3D11RenderDevice\Src</Filter>
    </ClCompile>
    <ClInclude Include="..\..\..\Render\D3D11RenderDevice\Src\D3D11RenderDevice.h">
      <Filter>Render\D3D11RenderDevice\Src</Filter>
    </ClInclude>
    <ClCompile Include="..\..\..\Render\D3D11RenderDevice\Src\Render.D3D11RenderDevice.cpp">
      <Filter>Render\D3D11RenderDevice\Src</Filter>
    </ClCompile>
    <ClInclude Include="..\..\..\Render\D3D11RenderDevice\Src\Shaders.h">
      <Filter>Render\D3D11RenderDevice\Src</Filter>
    </ClInclude>
    <ClCompile Include="..\..\..\Render\D3D11RenderContext\Src\CoreWindow.cx.cpp">
      <Filter>Render\D3D11RenderContext\Src</Filter>
    </ClCompile>
    <ClInclude Include="..\..\..\Render\D3D11RenderContext\Src\CoreWindow.h">
      <Filter>Render\D3D11RenderContext\Src</Filter>
    </ClInclude>
    <ClCompile Include="..\..\..\Render\D3D11RenderContext\Src\D3D11RenderContext.cpp">
      <Filter>Render\D3D11RenderContext\Src</Filter>
    </ClCompile>
    <ClInclude Include="..\..\..\Render\D3D11RenderContext\Src\D3D11RenderContext.h">
      <Filter>Render\D3D11RenderContext\Src</Filter>
    </ClInclude>
    <ClCompile Include="..\..\..\Render\D3D11RenderContext\Src\Render.D3D11RenderContext.cpp">
      <Filter>Render\D3D11RenderContext\Src</Filter>
    </ClCompile>
  </ItemGroup>
</Project>